
Microsoft Visual Studio Solution File, Format Version 12.00
# Visual Studio 15
VisualStudioVersion = 15.0.27130.0
MinimumVisualStudioVersion = 10.0.40219.1
Project("{FAE04EC0-301F-11D3-BF4B-00C04F79EFBC}") = "VidasDuje_ZadnjiZadatak", "VidasDuje_ZadnjiZadatak\VidasDuje_ZadnjiZadatak.csproj", "{371EAAB2-33DA-43D5-B982-523AEBFB70C9}"
EndProject
Global
	GlobalSection(SolutionConfigurationPlatforms) = preSolution
		Debug|Any CPU = Debug|Any CPU
		Release|Any CPU = Release|Any CPU
	EndGlobalSection
	GlobalSection(ProjectConfigurationPlatforms) = postSolution
		{371EAAB2-33DA-43D5-B982-523AEBFB70C9}.Debug|Any CPU.ActiveCfg = Debug|Any CPU
		{371EAAB2-33DA-43D5-B982-523AEBFB70C9}.Debug|Any CPU.Build.0 = Debug|Any CPU
		{371EAAB2-33DA-43D5-B982-523AEBFB70C9}.Release|Any CPU.ActiveCfg = Release|Any CPU
		{371EAAB2-33DA-43D5-B982-523AEBFB70C9}.Release|Any CPU.Build.0 = Release|Any CPU
	EndGlobalSection
	GlobalSection(SolutionProperties) = preSolution
		HideSolutionNode = FALSE
	EndGlobalSection
	GlobalSection(ExtensibilityGlobals) = postSolution
		SolutionGuid = {42DC9CCF-8634-40D4-B0D1-6C55A08F244E}
	EndGlobalSection
EndGlobal
