
Microsoft Visual Studio Solution File, Format Version 12.00
# Visual Studio 15
VisualStudioVersion = 15.0.28010.2036
MinimumVisualStudioVersion = 10.0.40219.1
Project("{FAE04EC0-301F-11D3-BF4B-00C04F79EFBC}") = "VidasDujePictureBox", "VidasDujePictureBox\VidasDujePictureBox.csproj", "{17D6956E-19B8-455B-A295-2BF97C2BDF75}"
EndProject
Global
	GlobalSection(SolutionConfigurationPlatforms) = preSolution
		Debug|Any CPU = Debug|Any CPU
		Release|Any CPU = Release|Any CPU
	EndGlobalSection
	GlobalSection(ProjectConfigurationPlatforms) = postSolution
		{17D6956E-19B8-455B-A295-2BF97C2BDF75}.Debug|Any CPU.ActiveCfg = Debug|Any CPU
		{17D6956E-19B8-455B-A295-2BF97C2BDF75}.Debug|Any CPU.Build.0 = Debug|Any CPU
		{17D6956E-19B8-455B-A295-2BF97C2BDF75}.Release|Any CPU.ActiveCfg = Release|Any CPU
		{17D6956E-19B8-455B-A295-2BF97C2BDF75}.Release|Any CPU.Build.0 = Release|Any CPU
	EndGlobalSection
	GlobalSection(SolutionProperties) = preSolution
		HideSolutionNode = FALSE
	EndGlobalSection
	GlobalSection(ExtensibilityGlobals) = postSolution
		SolutionGuid = {73CE4E61-C330-43E1-B8AE-964F3005E76C}
	EndGlobalSection
EndGlobal
