
Microsoft Visual Studio Solution File, Format Version 12.00
# Visual Studio 15
VisualStudioVersion = 15.0.28307.329
MinimumVisualStudioVersion = 10.0.40219.1
Project("{FAE04EC0-301F-11D3-BF4B-00C04F79EFBC}") = "VidasDuje_MonthCalendar", "VidasDuje_MonthCalendar\VidasDuje_MonthCalendar.csproj", "{8F4A256F-F973-4C21-B417-D69C929D52AE}"
EndProject
Global
	GlobalSection(SolutionConfigurationPlatforms) = preSolution
		Debug|Any CPU = Debug|Any CPU
		Release|Any CPU = Release|Any CPU
	EndGlobalSection
	GlobalSection(ProjectConfigurationPlatforms) = postSolution
		{8F4A256F-F973-4C21-B417-D69C929D52AE}.Debug|Any CPU.ActiveCfg = Debug|Any CPU
		{8F4A256F-F973-4C21-B417-D69C929D52AE}.Debug|Any CPU.Build.0 = Debug|Any CPU
		{8F4A256F-F973-4C21-B417-D69C929D52AE}.Release|Any CPU.ActiveCfg = Release|Any CPU
		{8F4A256F-F973-4C21-B417-D69C929D52AE}.Release|Any CPU.Build.0 = Release|Any CPU
	EndGlobalSection
	GlobalSection(SolutionProperties) = preSolution
		HideSolutionNode = FALSE
	EndGlobalSection
	GlobalSection(ExtensibilityGlobals) = postSolution
		SolutionGuid = {7AF09BB8-B833-4FCD-8D19-8F91F4F08E75}
	EndGlobalSection
EndGlobal
